// !$*UTF8*$!
{
	archiveVersion = 1;
	classes = {
	};
	objectVersion = 46;
	objects = {

/* Begin PBXBuildFile section */
		9872A067138D0E000000C416 /* graph.cpp in Sources */ = {isa = PBXBuildFile; fileRef = 9872A066138D0E000000C416 /* graph.cpp */; };
		98DF831A137BCF3D00E0BB30 /* graph_main.cpp in Sources */ = {isa = PBXBuildFile; fileRef = 98DF8317137BCF3D00E0BB30 /* graph_main.cpp */; };
/* End PBXBuildFile section */

/* Begin PBXCopyFilesBuildPhase section */
		98DF8309137BCF0C00E0BB30 /* CopyFiles */ = {
			isa = PBXCopyFilesBuildPhase;
			buildActionMask = 2147483647;
			dstPath = /usr/share/man/man1/;
			dstSubfolderSpec = 0;
			files = (
			);
			runOnlyForDeploymentPostprocessing = 1;
		};
/* End PBXCopyFilesBuildPhase section */

/* Begin PBXFileReference section */
		984DFDF5138E6F4900F8A740 /* defines.h */ = {isa = PBXFileReference; fileEncoding = 4; lastKnownFileType = sourcecode.c.h; path = defines.h; sourceTree = "<group>"; };
		9872A066138D0E000000C416 /* graph.cpp */ = {isa = PBXFileReference; fileEncoding = 4; lastKnownFileType = sourcecode.cpp.cpp; path = graph.cpp; sourceTree = "<group>"; };
		98BD525F137D45EE00317403 /* pref.h */ = {isa = PBXFileReference; fileEncoding = 4; lastKnownFileType = sourcecode.c.h; name = pref.h; path = ../pref.h; sourceTree = "<group>"; };
		98DF830B137BCF0C00E0BB30 /* root_graph */ = {isa = PBXFileReference; explicitFileType = "compiled.mach-o.executable"; includeInIndex = 0; path = root_graph; sourceTree = BUILT_PRODUCTS_DIR; };
		98DF8311137BCF0C00E0BB30 /* root_graph.1 */ = {isa = PBXFileReference; lastKnownFileType = text.man; path = root_graph.1; sourceTree = "<group>"; };
		98DF8317137BCF3D00E0BB30 /* graph_main.cpp */ = {isa = PBXFileReference; fileEncoding = 4; lastKnownFileType = sourcecode.cpp.cpp; path = graph_main.cpp; sourceTree = "<group>"; };
		98DF8319137BCF3D00E0BB30 /* graph.h */ = {isa = PBXFileReference; fileEncoding = 4; lastKnownFileType = sourcecode.c.h; path = graph.h; sourceTree = "<group>"; };
/* End PBXFileReference section */

/* Begin PBXFrameworksBuildPhase section */
		98DF8308137BCF0C00E0BB30 /* Frameworks */ = {
			isa = PBXFrameworksBuildPhase;
			buildActionMask = 2147483647;
			files = (
			);
			runOnlyForDeploymentPostprocessing = 0;
		};
/* End PBXFrameworksBuildPhase section */

/* Begin PBXGroup section */
		98BD5262137D4BC300317403 /* Header */ = {
			isa = PBXGroup;
			children = (
				98BD525F137D45EE00317403 /* pref.h */,
				98DF8319137BCF3D00E0BB30 /* graph.h */,
				984DFDF5138E6F4900F8A740 /* defines.h */,
			);
			name = Header;
			sourceTree = "<group>";
		};
		98DF8300137BCF0B00E0BB30 = {
			isa = PBXGroup;
			children = (
				98DF830E137BCF0C00E0BB30 /* root_graph */,
				98DF830C137BCF0C00E0BB30 /* Products */,
			);
			sourceTree = "<group>";
		};
		98DF830C137BCF0C00E0BB30 /* Products */ = {
			isa = PBXGroup;
			children = (
				98DF830B137BCF0C00E0BB30 /* root_graph */,
			);
			name = Products;
			sourceTree = "<group>";
		};
		98DF830E137BCF0C00E0BB30 /* root_graph */ = {
			isa = PBXGroup;
			children = (
				98BD5262137D4BC300317403 /* Header */,
				98DF8317137BCF3D00E0BB30 /* graph_main.cpp */,
				9872A066138D0E000000C416 /* graph.cpp */,
				98DF8311137BCF0C00E0BB30 /* root_graph.1 */,
			);
			path = root_graph;
			sourceTree = "<group>";
		};
/* End PBXGroup section */

/* Begin PBXNativeTarget section */
		98DF830A137BCF0C00E0BB30 /* root_graph */ = {
			isa = PBXNativeTarget;
			buildConfigurationList = 98DF8314137BCF0C00E0BB30 /* Build configuration list for PBXNativeTarget "root_graph" */;
			buildPhases = (
				98DF8307137BCF0C00E0BB30 /* Sources */,
				98DF8308137BCF0C00E0BB30 /* Frameworks */,
				98DF8309137BCF0C00E0BB30 /* CopyFiles */,
			);
			buildRules = (
			);
			dependencies = (
			);
			name = root_graph;
			productName = root_graph;
			productReference = 98DF830B137BCF0C00E0BB30 /* root_graph */;
			productType = "com.apple.product-type.tool";
		};
/* End PBXNativeTarget section */

/* Begin PBXProject section */
		98DF8302137BCF0B00E0BB30 /* Project object */ = {
			isa = PBXProject;
			attributes = {
				ORGANIZATIONNAME = me;
			};
			buildConfigurationList = 98DF8305137BCF0B00E0BB30 /* Build configuration list for PBXProject "root_graph" */;
			compatibilityVersion = "Xcode 3.2";
			developmentRegion = English;
			hasScannedForEncodings = 0;
			knownRegions = (
				en,
			);
			mainGroup = 98DF8300137BCF0B00E0BB30;
			productRefGroup = 98DF830C137BCF0C00E0BB30 /* Products */;
			projectDirPath = "";
			projectRoot = "";
			targets = (
				98DF830A137BCF0C00E0BB30 /* root_graph */,
			);
		};
/* End PBXProject section */

/* Begin PBXSourcesBuildPhase section */
		98DF8307137BCF0C00E0BB30 /* Sources */ = {
			isa = PBXSourcesBuildPhase;
			buildActionMask = 2147483647;
			files = (
				98DF831A137BCF3D00E0BB30 /* graph_main.cpp in Sources */,
				9872A067138D0E000000C416 /* graph.cpp in Sources */,
			);
			runOnlyForDeploymentPostprocessing = 0;
		};
/* End PBXSourcesBuildPhase section */

/* Begin XCBuildConfiguration section */
		98DF8312137BCF0C00E0BB30 /* Debug */ = {
			isa = XCBuildConfiguration;
			buildSettings = {
				ARCHS = "$(ARCHS_STANDARD_64_BIT)";
				DEAD_CODE_STRIPPING = YES;
				GCC_C_LANGUAGE_STANDARD = gnu99;
				GCC_OPTIMIZATION_LEVEL = 2;
				GCC_PRECOMPILE_PREFIX_HEADER = YES;
				GCC_PREFIX_HEADER = pref.h;
				GCC_PREPROCESSOR_DEFINITIONS = DEBUG;
				GCC_STRICT_ALIASING = YES;
				GCC_SYMBOLS_PRIVATE_EXTERN = NO;
				GCC_UNROLL_LOOPS = YES;
				GCC_VERSION = com.apple.compilers.llvm.clang.1_0;
				GCC_WARN_64_TO_32_BIT_CONVERSION = NO;
				GCC_WARN_ABOUT_RETURN_TYPE = YES;
				GCC_WARN_PEDANTIC = NO;
				GCC_WARN_SIGN_COMPARE = NO;
				GCC_WARN_UNUSED_FUNCTION = NO;
				GCC_WARN_UNUSED_LABEL = NO;
				GCC_WARN_UNUSED_PARAMETER = NO;
				GCC_WARN_UNUSED_VARIABLE = YES;
				LLVM_LTO = YES;
				MACOSX_DEPLOYMENT_TARGET = 10.6;
				ONLY_ACTIVE_ARCH = YES;
				RUN_CLANG_STATIC_ANALYZER = YES;
				SCAN_ALL_SOURCE_FILES_FOR_INCLUDES = YES;
				SDKROOT = macosx;
				STANDARD_C_PLUS_PLUS_LIBRARY_TYPE = dynamic;
				VALID_ARCHS = "i386 x86_64";
			};
			name = Debug;
		};
		98DF8313137BCF0C00E0BB30 /* Release */ = {
			isa = XCBuildConfiguration;
			buildSettings = {
				ARCHS = "$(ARCHS_STANDARD_64_BIT)";
				DEAD_CODE_STRIPPING = YES;
				GCC_C_LANGUAGE_STANDARD = gnu99;
				GCC_OPTIMIZATION_LEVEL = 2;
				GCC_PRECOMPILE_PREFIX_HEADER = YES;
				GCC_PREFIX_HEADER = pref.h;
				GCC_STRICT_ALIASING = YES;
				GCC_UNROLL_LOOPS = YES;
				GCC_VERSION = com.apple.compilers.llvm.clang.1_0;
				GCC_WARN_64_TO_32_BIT_CONVERSION = NO;
				GCC_WARN_ABOUT_RETURN_TYPE = YES;
				GCC_WARN_PEDANTIC = NO;
				GCC_WARN_SIGN_COMPARE = NO;
				GCC_WARN_UNUSED_FUNCTION = NO;
				GCC_WARN_UNUSED_LABEL = NO;
				GCC_WARN_UNUSED_PARAMETER = NO;
				GCC_WARN_UNUSED_VARIABLE = YES;
				LLVM_LTO = YES;
				MACOSX_DEPLOYMENT_TARGET = 10.6;
				RUN_CLANG_STATIC_ANALYZER = YES;
				SCAN_ALL_SOURCE_FILES_FOR_INCLUDES = YES;
				SDKROOT = macosx;
				STANDARD_C_PLUS_PLUS_LIBRARY_TYPE = dynamic;
				VALID_ARCHS = "i386 x86_64";
			};
			name = Release;
		};
		98DF8315137BCF0C00E0BB30 /* Debug */ = {
			isa = XCBuildConfiguration;
			buildSettings = {
				ALWAYS_SEARCH_USER_PATHS = YES;
				COPY_PHASE_STRIP = NO;
				GCC_DYNAMIC_NO_PIC = NO;
				GCC_ENABLE_OBJC_EXCEPTIONS = YES;
				GCC_VERSION = com.apple.compilers.llvm.clang.1_0;
				LIBRARY_SEARCH_PATHS = /Users/wutzis_spam/Downloads/boost_1_46_1/stage/lib;
				"OTHER_CPLUSPLUSFLAGS[arch=*]" = (
					"$(OTHER_CFLAGS)",
					"-D_REENTRANT",
					"-pthread",
					"-m64",
					"-I/Users/wutzis_spam/root/root/include",
				);
				OTHER_LDFLAGS = (
					"-lSpectrum",
					"-L/Users/wutzis_spam/Downloads/boost_1_46_1/stage/lib/",
					"-lboost_filesystem",
					"-lboost_system",
					"-L/Users/wutzis_spam/root/root/lib",
					"-lGpad",
					"-lHist",
					"-lGraf",
					"-lGraf3d",
					"-lTree",
					"-lRint",
					"-lPostscript",
					"-lMatrix",
					"-lPhysics",
					"-lMathCore",
					"-lRIO",
					"-lNet",
					"-lThread",
					"-lCore",
					"-lCint",
					"-pthread",
					"-Wl,-rpath,/Users/wutzis_spam/root/root/lib",
					"-lm",
					"-ldl",
				);
				PRODUCT_NAME = "$(TARGET_NAME)";
				STANDARD_C_PLUS_PLUS_LIBRARY_TYPE = dynamic;
				USER_HEADER_SEARCH_PATHS = /Users/wutzis_spam/Downloads/boost_1_46_1/;
			};
			name = Debug;
		};
		98DF8316137BCF0C00E0BB30 /* Release */ = {
			isa = XCBuildConfiguration;
			buildSettings = {
				ALWAYS_SEARCH_USER_PATHS = YES;
				COPY_PHASE_STRIP = YES;
				DEBUG_INFORMATION_FORMAT = "dwarf-with-dsym";
				GCC_ENABLE_OBJC_EXCEPTIONS = YES;
				GCC_VERSION = com.apple.compilers.llvm.clang.1_0;
				LIBRARY_SEARCH_PATHS = /Users/wutzis_spam/Downloads/boost_1_46_1/stage/lib;
				"OTHER_CPLUSPLUSFLAGS[arch=*]" = (
					"$(OTHER_CFLAGS)",
					"-D_REENTRANT",
					"-pthread",
					"-m64",
					"-I/Users/wutzis_spam/root/root/include",
				);
				OTHER_LDFLAGS = (
					"-lSpectrum",
					"-L/Users/wutzis_spam/Downloads/boost_1_46_1/stage/lib/",
					"-lboost_filesystem",
					"-lboost_system",
					"-L/Users/wutzis_spam/root/root/lib",
					"-lGpad",
					"-lHist",
					"-lGraf",
					"-lGraf3d",
					"-lTree",
					"-lRint",
					"-lPostscript",
					"-lMatrix",
					"-lPhysics",
					"-lMathCore",
					"-lRIO",
					"-lNet",
					"-lThread",
					"-lCore",
					"-lCint",
					"-pthread",
					"-Wl,-rpath,/Users/wutzis_spam/root/root/lib",
					"-lm",
					"-ldl",
				);
				PRODUCT_NAME = "$(TARGET_NAME)";
				STANDARD_C_PLUS_PLUS_LIBRARY_TYPE = dynamic;
				USER_HEADER_SEARCH_PATHS = /Users/wutzis_spam/Downloads/boost_1_46_1/;
			};
			name = Release;
		};
/* End XCBuildConfiguration section */

/* Begin XCConfigurationList section */
		98DF8305137BCF0B00E0BB30 /* Build configuration list for PBXProject "root_graph" */ = {
			isa = XCConfigurationList;
			buildConfigurations = (
				98DF8312137BCF0C00E0BB30 /* Debug */,
				98DF8313137BCF0C00E0BB30 /* Release */,
			);
			defaultConfigurationIsVisible = 0;
			defaultConfigurationName = Release;
		};
		98DF8314137BCF0C00E0BB30 /* Build configuration list for PBXNativeTarget "root_graph" */ = {
			isa = XCConfigurationList;
			buildConfigurations = (
				98DF8315137BCF0C00E0BB30 /* Debug */,
				98DF8316137BCF0C00E0BB30 /* Release */,
			);
			defaultConfigurationIsVisible = 0;
			defaultConfigurationName = Release;
		};
/* End XCConfigurationList section */
	};
	rootObject = 98DF8302137BCF0B00E0BB30 /* Project object */;
}
